// !$*UTF8*$!
{
	archiveVersion = 1;
	classes = {
	};
	objectVersion = 77;
	objects = {

/* Begin PBXBuildFile section */
		B9A2358E2DC7B3EC0024C6F1 /* PortfolioView.swift in Sources */ = {isa = PBXBuildFile; fileRef = B9A2358D2DC7B3E70024C6F1 /* PortfolioView.swift */; };
		B9A235902DC7BDDB0024C6F1 /* CoinLogoView.swift in Sources */ = {isa = PBXBuildFile; fileRef = B9A2358F2DC7BDD70024C6F1 /* CoinLogoView.swift */; };
		B9A309C62DC25E39002D6857 /* StatisticModel.swift in Sources */ = {isa = PBXBuildFile; fileRef = B9A309C52DC25E2F002D6857 /* StatisticModel.swift */; };
		B9A309C82DC263ED002D6857 /* StatisticView.swift in Sources */ = {isa = PBXBuildFile; fileRef = B9A309C72DC263E7002D6857 /* StatisticView.swift */; };
		B9A309CA2DC2671F002D6857 /* HomeStatsView.swift in Sources */ = {isa = PBXBuildFile; fileRef = B9A309C92DC2671A002D6857 /* HomeStatsView.swift */; };
		B9ADDFD52DC5188100D9F725 /* MarketDataModel.swift in Sources */ = {isa = PBXBuildFile; fileRef = B9ADDFD42DC5187600D9F725 /* MarketDataModel.swift */; };
		B9ADDFD72DC51D0C00D9F725 /* MarketDataService.swift in Sources */ = {isa = PBXBuildFile; fileRef = B9ADDFD62DC51D0500D9F725 /* MarketDataService.swift */; };
		B9B180E92DBFE33000E428BB /* CircleButtonAnimationView.swift in Sources */ = {isa = PBXBuildFile; fileRef = B9B180C92DBFE33000E428BB /* CircleButtonAnimationView.swift */; };
		B9B180EA2DBFE33000E428BB /* CircleButtonView.swift in Sources */ = {isa = PBXBuildFile; fileRef = B9B180CA2DBFE33000E428BB /* CircleButtonView.swift */; };
		B9B180EB2DBFE33000E428BB /* CoinImageView.swift in Sources */ = {isa = PBXBuildFile; fileRef = B9B180CC2DBFE33000E428BB /* CoinImageView.swift */; };
		B9B180EC2DBFE33000E428BB /* CoinImageViewModel.swift in Sources */ = {isa = PBXBuildFile; fileRef = B9B180CD2DBFE33000E428BB /* CoinImageViewModel.swift */; };
		B9B180ED2DBFE33000E428BB /* SearchBarView.swift in Sources */ = {isa = PBXBuildFile; fileRef = B9B180CF2DBFE33000E428BB /* SearchBarView.swift */; };
		B9B180EE2DBFE33000E428BB /* CoinRowView.swift in Sources */ = {isa = PBXBuildFile; fileRef = B9B180D12DBFE33000E428BB /* CoinRowView.swift */; };
		B9B180EF2DBFE33000E428BB /* HomeView.swift in Sources */ = {isa = PBXBuildFile; fileRef = B9B180D22DBFE33000E428BB /* HomeView.swift */; };
		B9B180F02DBFE33000E428BB /* HomeViewModel.swift in Sources */ = {isa = PBXBuildFile; fileRef = B9B180D42DBFE33000E428BB /* HomeViewModel.swift */; };
		B9B180F12DBFE33000E428BB /* Color.swift in Sources */ = {isa = PBXBuildFile; fileRef = B9B180D82DBFE33000E428BB /* Color.swift */; };
		B9B180F22DBFE33000E428BB /* Double.swift in Sources */ = {isa = PBXBuildFile; fileRef = B9B180D92DBFE33000E428BB /* Double.swift */; };
		B9B180F32DBFE33000E428BB /* PreviewProvider.swift in Sources */ = {isa = PBXBuildFile; fileRef = B9B180DA2DBFE33000E428BB /* PreviewProvider.swift */; };
		B9B180F42DBFE33000E428BB /* UIApplicationn.swift in Sources */ = {isa = PBXBuildFile; fileRef = B9B180DB2DBFE33000E428BB /* UIApplicationn.swift */; };
		B9B180F52DBFE33000E428BB /* CoinModel.swift in Sources */ = {isa = PBXBuildFile; fileRef = B9B180DD2DBFE33000E428BB /* CoinModel.swift */; };
		B9B180F62DBFE33000E428BB /* CoinDataService.swift in Sources */ = {isa = PBXBuildFile; fileRef = B9B180DF2DBFE33000E428BB /* CoinDataService.swift */; };
		B9B180F72DBFE33000E428BB /* CoinImageService.swift in Sources */ = {isa = PBXBuildFile; fileRef = B9B180E02DBFE33000E428BB /* CoinImageService.swift */; };
		B9B180F82DBFE33000E428BB /* LocalFileManager.swift in Sources */ = {isa = PBXBuildFile; fileRef = B9B180E22DBFE33000E428BB /* LocalFileManager.swift */; };
		B9B180F92DBFE33000E428BB /* NetworkingManager.swift in Sources */ = {isa = PBXBuildFile; fileRef = B9B180E32DBFE33000E428BB /* NetworkingManager.swift */; };
		B9B180FA2DBFE33000E428BB /* ContentView.swift in Sources */ = {isa = PBXBuildFile; fileRef = B9B180E62DBFE33000E428BB /* ContentView.swift */; };
		B9B180FB2DBFE33000E428BB /* CryptoAppApp.swift in Sources */ = {isa = PBXBuildFile; fileRef = B9B180E72DBFE33000E428BB /* CryptoAppApp.swift */; };
		B9B180FC2DBFE33000E428BB /* Assets.xcassets in Resources */ = {isa = PBXBuildFile; fileRef = B9B180E52DBFE33000E428BB /* Assets.xcassets */; };
/* End PBXBuildFile section */

/* Begin PBXFileReference section */
		B99A6BA72DB2BC4A000907E8 /* CryptoApp.app */ = {isa = PBXFileReference; explicitFileType = wrapper.application; includeInIndex = 0; path = CryptoApp.app; sourceTree = BUILT_PRODUCTS_DIR; };
		B9A2358D2DC7B3E70024C6F1 /* PortfolioView.swift */ = {isa = PBXFileReference; lastKnownFileType = sourcecode.swift; path = PortfolioView.swift; sourceTree = "<group>"; };
		B9A2358F2DC7BDD70024C6F1 /* CoinLogoView.swift */ = {isa = PBXFileReference; lastKnownFileType = sourcecode.swift; path = CoinLogoView.swift; sourceTree = "<group>"; };
		B9A309C52DC25E2F002D6857 /* StatisticModel.swift */ = {isa = PBXFileReference; lastKnownFileType = sourcecode.swift; path = StatisticModel.swift; sourceTree = "<group>"; };
		B9A309C72DC263E7002D6857 /* StatisticView.swift */ = {isa = PBXFileReference; lastKnownFileType = sourcecode.swift; path = StatisticView.swift; sourceTree = "<group>"; };
		B9A309C92DC2671A002D6857 /* HomeStatsView.swift */ = {isa = PBXFileReference; lastKnownFileType = sourcecode.swift; path = HomeStatsView.swift; sourceTree = "<group>"; };
		B9ADDFD42DC5187600D9F725 /* MarketDataModel.swift */ = {isa = PBXFileReference; lastKnownFileType = sourcecode.swift; path = MarketDataModel.swift; sourceTree = "<group>"; };
		B9ADDFD62DC51D0500D9F725 /* MarketDataService.swift */ = {isa = PBXFileReference; lastKnownFileType = sourcecode.swift; path = MarketDataService.swift; sourceTree = "<group>"; };
		B9B180C92DBFE33000E428BB /* CircleButtonAnimationView.swift */ = {isa = PBXFileReference; lastKnownFileType = sourcecode.swift; path = CircleButtonAnimationView.swift; sourceTree = "<group>"; };
		B9B180CA2DBFE33000E428BB /* CircleButtonView.swift */ = {isa = PBXFileReference; lastKnownFileType = sourcecode.swift; path = CircleButtonView.swift; sourceTree = "<group>"; };
		B9B180CC2DBFE33000E428BB /* CoinImageView.swift */ = {isa = PBXFileReference; lastKnownFileType = sourcecode.swift; path = CoinImageView.swift; sourceTree = "<group>"; };
		B9B180CD2DBFE33000E428BB /* CoinImageViewModel.swift */ = {isa = PBXFileReference; lastKnownFileType = sourcecode.swift; path = CoinImageViewModel.swift; sourceTree = "<group>"; };
		B9B180CF2DBFE33000E428BB /* SearchBarView.swift */ = {isa = PBXFileReference; lastKnownFileType = sourcecode.swift; path = SearchBarView.swift; sourceTree = "<group>"; };
		B9B180D12DBFE33000E428BB /* CoinRowView.swift */ = {isa = PBXFileReference; lastKnownFileType = sourcecode.swift; path = CoinRowView.swift; sourceTree = "<group>"; };
		B9B180D22DBFE33000E428BB /* HomeView.swift */ = {isa = PBXFileReference; lastKnownFileType = sourcecode.swift; path = HomeView.swift; sourceTree = "<group>"; };
		B9B180D42DBFE33000E428BB /* HomeViewModel.swift */ = {isa = PBXFileReference; lastKnownFileType = sourcecode.swift; path = HomeViewModel.swift; sourceTree = "<group>"; };
		B9B180D82DBFE33000E428BB /* Color.swift */ = {isa = PBXFileReference; lastKnownFileType = sourcecode.swift; path = Color.swift; sourceTree = "<group>"; };
		B9B180D92DBFE33000E428BB /* Double.swift */ = {isa = PBXFileReference; lastKnownFileType = sourcecode.swift; path = Double.swift; sourceTree = "<group>"; };
		B9B180DA2DBFE33000E428BB /* PreviewProvider.swift */ = {isa = PBXFileReference; lastKnownFileType = sourcecode.swift; path = PreviewProvider.swift; sourceTree = "<group>"; };
		B9B180DB2DBFE33000E428BB /* UIApplicationn.swift */ = {isa = PBXFileReference; lastKnownFileType = sourcecode.swift; path = UIApplicationn.swift; sourceTree = "<group>"; };
		B9B180DD2DBFE33000E428BB /* CoinModel.swift */ = {isa = PBXFileReference; lastKnownFileType = sourcecode.swift; path = CoinModel.swift; sourceTree = "<group>"; };
		B9B180DF2DBFE33000E428BB /* CoinDataService.swift */ = {isa = PBXFileReference; lastKnownFileType = sourcecode.swift; path = CoinDataService.swift; sourceTree = "<group>"; };
		B9B180E02DBFE33000E428BB /* CoinImageService.swift */ = {isa = PBXFileReference; lastKnownFileType = sourcecode.swift; path = CoinImageService.swift; sourceTree = "<group>"; };
		B9B180E22DBFE33000E428BB /* LocalFileManager.swift */ = {isa = PBXFileReference; lastKnownFileType = sourcecode.swift; path = LocalFileManager.swift; sourceTree = "<group>"; };
		B9B180E32DBFE33000E428BB /* NetworkingManager.swift */ = {isa = PBXFileReference; lastKnownFileType = sourcecode.swift; path = NetworkingManager.swift; sourceTree = "<group>"; };
		B9B180E52DBFE33000E428BB /* Assets.xcassets */ = {isa = PBXFileReference; lastKnownFileType = folder.assetcatalog; path = Assets.xcassets; sourceTree = "<group>"; };
		B9B180E62DBFE33000E428BB /* ContentView.swift */ = {isa = PBXFileReference; lastKnownFileType = sourcecode.swift; path = ContentView.swift; sourceTree = "<group>"; };
		B9B180E72DBFE33000E428BB /* CryptoAppApp.swift */ = {isa = PBXFileReference; lastKnownFileType = sourcecode.swift; path = CryptoAppApp.swift; sourceTree = "<group>"; };
/* End PBXFileReference section */

/* Begin PBXFrameworksBuildPhase section */
		B99A6BA42DB2BC4A000907E8 /* Frameworks */ = {
			isa = PBXFrameworksBuildPhase;
			buildActionMask = 2147483647;
			files = (
			);
			runOnlyForDeploymentPostprocessing = 0;
		};
/* End PBXFrameworksBuildPhase section */

/* Begin PBXGroup section */
		B99A6B9E2DB2BC4A000907E8 = {
			isa = PBXGroup;
			children = (
				B9B180E82DBFE33000E428BB /* CryptoApp */,
				B99A6BA82DB2BC4A000907E8 /* Products */,
			);
			sourceTree = "<group>";
		};
		B99A6BA82DB2BC4A000907E8 /* Products */ = {
			isa = PBXGroup;
			children = (
				B99A6BA72DB2BC4A000907E8 /* CryptoApp.app */,
			);
			name = Products;
			sourceTree = "<group>";
		};
		B9B180CB2DBFE33000E428BB /* CircleButton */ = {
			isa = PBXGroup;
			children = (
				B9B180C92DBFE33000E428BB /* CircleButtonAnimationView.swift */,
				B9B180CA2DBFE33000E428BB /* CircleButtonView.swift */,
			);
			path = CircleButton;
			sourceTree = "<group>";
		};
		B9B180CE2DBFE33000E428BB /* CoinImage */ = {
			isa = PBXGroup;
			children = (
				B9A2358F2DC7BDD70024C6F1 /* CoinLogoView.swift */,
				B9B180CC2DBFE33000E428BB /* CoinImageView.swift */,
				B9B180CD2DBFE33000E428BB /* CoinImageViewModel.swift */,
			);
			path = CoinImage;
			sourceTree = "<group>";
		};
		B9B180D02DBFE33000E428BB /* Components */ = {
			isa = PBXGroup;
			children = (
				B9B180CB2DBFE33000E428BB /* CircleButton */,
				B9B180CE2DBFE33000E428BB /* CoinImage */,
				B9A309C72DC263E7002D6857 /* StatisticView.swift */,
				B9B180CF2DBFE33000E428BB /* SearchBarView.swift */,
			);
			path = Components;
			sourceTree = "<group>";
		};
		B9B180D32DBFE33000E428BB /* Veiws */ = {
			isa = PBXGroup;
			children = (
				B9A2358D2DC7B3E70024C6F1 /* PortfolioView.swift */,
				B9B180D22DBFE33000E428BB /* HomeView.swift */,
				B9A309C92DC2671A002D6857 /* HomeStatsView.swift */,
				B9B180D12DBFE33000E428BB /* CoinRowView.swift */,
			);
			path = Veiws;
			sourceTree = "<group>";
		};
		B9B180D52DBFE33000E428BB /* ViewModels */ = {
			isa = PBXGroup;
			children = (
				B9B180D42DBFE33000E428BB /* HomeViewModel.swift */,
			);
			path = ViewModels;
			sourceTree = "<group>";
		};
		B9B180D62DBFE33000E428BB /* Home */ = {
			isa = PBXGroup;
			children = (
				B9B180D32DBFE33000E428BB /* Veiws */,
				B9B180D52DBFE33000E428BB /* ViewModels */,
			);
			path = Home;
			sourceTree = "<group>";
		};
		B9B180D72DBFE33000E428BB /* Core */ = {
			isa = PBXGroup;
			children = (
				B9B180D02DBFE33000E428BB /* Components */,
				B9B180D62DBFE33000E428BB /* Home */,
			);
			path = Core;
			sourceTree = "<group>";
		};
		B9B180DC2DBFE33000E428BB /* Extension */ = {
			isa = PBXGroup;
			children = (
				B9B180D82DBFE33000E428BB /* Color.swift */,
				B9B180D92DBFE33000E428BB /* Double.swift */,
				B9B180DA2DBFE33000E428BB /* PreviewProvider.swift */,
				B9B180DB2DBFE33000E428BB /* UIApplicationn.swift */,
			);
			path = Extension;
			sourceTree = "<group>";
		};
		B9B180DE2DBFE33000E428BB /* Models */ = {
			isa = PBXGroup;
			children = (
				B9ADDFD42DC5187600D9F725 /* MarketDataModel.swift */,
				B9A309C52DC25E2F002D6857 /* StatisticModel.swift */,
				B9B180DD2DBFE33000E428BB /* CoinModel.swift */,
			);
			path = Models;
			sourceTree = "<group>";
		};
		B9B180E12DBFE33000E428BB /* Services */ = {
			isa = PBXGroup;
			children = (
				B9ADDFD62DC51D0500D9F725 /* MarketDataService.swift */,
				B9B180DF2DBFE33000E428BB /* CoinDataService.swift */,
				B9B180E02DBFE33000E428BB /* CoinImageService.swift */,
			);
			path = Services;
			sourceTree = "<group>";
		};
		B9B180E42DBFE33000E428BB /* Utilities */ = {
			isa = PBXGroup;
			children = (
				B9B180E22DBFE33000E428BB /* LocalFileManager.swift */,
				B9B180E32DBFE33000E428BB /* NetworkingManager.swift */,
			);
			path = Utilities;
			sourceTree = "<group>";
		};
		B9B180E82DBFE33000E428BB /* CryptoApp */ = {
			isa = PBXGroup;
			children = (
				B9B180D72DBFE33000E428BB /* Core */,
				B9B180DC2DBFE33000E428BB /* Extension */,
				B9B180DE2DBFE33000E428BB /* Models */,
				B9B180E12DBFE33000E428BB /* Services */,
				B9B180E42DBFE33000E428BB /* Utilities */,
				B9B180E52DBFE33000E428BB /* Assets.xcassets */,
				B9B180E62DBFE33000E428BB /* ContentView.swift */,
				B9B180E72DBFE33000E428BB /* CryptoAppApp.swift */,
			);
			path = CryptoApp;
			sourceTree = "<group>";
		};
/* End PBXGroup section */

/* Begin PBXNativeTarget section */
		B99A6BA62DB2BC4A000907E8 /* CryptoApp */ = {
			isa = PBXNativeTarget;
			buildConfigurationList = B99A6BB22DB2BC4C000907E8 /* Build configuration list for PBXNativeTarget "CryptoApp" */;
			buildPhases = (
				B99A6BA32DB2BC4A000907E8 /* Sources */,
				B99A6BA42DB2BC4A000907E8 /* Frameworks */,
				B99A6BA52DB2BC4A000907E8 /* Resources */,
			);
			buildRules = (
			);
			dependencies = (
			);
			name = CryptoApp;
			packageProductDependencies = (
			);
			productName = CryptoApp;
			productReference = B99A6BA72DB2BC4A000907E8 /* CryptoApp.app */;
			productType = "com.apple.product-type.application";
		};
/* End PBXNativeTarget section */

/* Begin PBXProject section */
		B99A6B9F2DB2BC4A000907E8 /* Project object */ = {
			isa = PBXProject;
			attributes = {
				BuildIndependentTargetsInParallel = 1;
				LastSwiftUpdateCheck = 1630;
				LastUpgradeCheck = 1630;
				TargetAttributes = {
					B99A6BA62DB2BC4A000907E8 = {
						CreatedOnToolsVersion = 16.3;
					};
				};
			};
			buildConfigurationList = B99A6BA22DB2BC4A000907E8 /* Build configuration list for PBXProject "CryptoApp" */;
			developmentRegion = en;
			hasScannedForEncodings = 0;
			knownRegions = (
				en,
				Base,
			);
			mainGroup = B99A6B9E2DB2BC4A000907E8;
			minimizedProjectReferenceProxies = 1;
			preferredProjectObjectVersion = 77;
			productRefGroup = B99A6BA82DB2BC4A000907E8 /* Products */;
			projectDirPath = "";
			projectRoot = "";
			targets = (
				B99A6BA62DB2BC4A000907E8 /* CryptoApp */,
			);
		};
/* End PBXProject section */

/* Begin PBXResourcesBuildPhase section */
		B99A6BA52DB2BC4A000907E8 /* Resources */ = {
			isa = PBXResourcesBuildPhase;
			buildActionMask = 2147483647;
			files = (
				B9B180FC2DBFE33000E428BB /* Assets.xcassets in Resources */,
			);
			runOnlyForDeploymentPostprocessing = 0;
		};
/* End PBXResourcesBuildPhase section */

/* Begin PBXSourcesBuildPhase section */
		B99A6BA32DB2BC4A000907E8 /* Sources */ = {
			isa = PBXSourcesBuildPhase;
			buildActionMask = 2147483647;
			files = (
				B9B180E92DBFE33000E428BB /* CircleButtonAnimationView.swift in Sources */,
				B9B180EA2DBFE33000E428BB /* CircleButtonView.swift in Sources */,
				B9A235902DC7BDDB0024C6F1 /* CoinLogoView.swift in Sources */,
				B9B180EB2DBFE33000E428BB /* CoinImageView.swift in Sources */,
				B9A2358E2DC7B3EC0024C6F1 /* PortfolioView.swift in Sources */,
				B9B180EC2DBFE33000E428BB /* CoinImageViewModel.swift in Sources */,
				B9B180ED2DBFE33000E428BB /* SearchBarView.swift in Sources */,
				B9B180EE2DBFE33000E428BB /* CoinRowView.swift in Sources */,
				B9ADDFD52DC5188100D9F725 /* MarketDataModel.swift in Sources */,
				B9B180EF2DBFE33000E428BB /* HomeView.swift in Sources */,
				B9A309C82DC263ED002D6857 /* StatisticView.swift in Sources */,
				B9B180F02DBFE33000E428BB /* HomeViewModel.swift in Sources */,
				B9B180F12DBFE33000E428BB /* Color.swift in Sources */,
				B9B180F22DBFE33000E428BB /* Double.swift in Sources */,
				B9B180F32DBFE33000E428BB /* PreviewProvider.swift in Sources */,
				B9B180F42DBFE33000E428BB /* UIApplicationn.swift in Sources */,
				B9B180F52DBFE33000E428BB /* CoinModel.swift in Sources */,
				B9B180F62DBFE33000E428BB /* CoinDataService.swift in Sources */,
				B9A309CA2DC2671F002D6857 /* HomeStatsView.swift in Sources */,
				B9ADDFD72DC51D0C00D9F725 /* MarketDataService.swift in Sources */,
				B9B180F72DBFE33000E428BB /* CoinImageService.swift in Sources */,
				B9B180F82DBFE33000E428BB /* LocalFileManager.swift in Sources */,
				B9B180F92DBFE33000E428BB /* NetworkingManager.swift in Sources */,
				B9A309C62DC25E39002D6857 /* StatisticModel.swift in Sources */,
				B9B180FA2DBFE33000E428BB /* ContentView.swift in Sources */,
				B9B180FB2DBFE33000E428BB /* CryptoAppApp.swift in Sources */,
			);
			runOnlyForDeploymentPostprocessing = 0;
		};
/* End PBXSourcesBuildPhase section */

/* Begin XCBuildConfiguration section */
		B99A6BB02DB2BC4C000907E8 /* Debug */ = {
			isa = XCBuildConfiguration;
			buildSettings = {
				ALWAYS_SEARCH_USER_PATHS = NO;
				ASSETCATALOG_COMPILER_GENERATE_SWIFT_ASSET_SYMBOL_EXTENSIONS = YES;
				CLANG_ANALYZER_NONNULL = YES;
				CLANG_ANALYZER_NUMBER_OBJECT_CONVERSION = YES_AGGRESSIVE;
				CLANG_CXX_LANGUAGE_STANDARD = "gnu++20";
				CLANG_ENABLE_MODULES = YES;
				CLANG_ENABLE_OBJC_ARC = YES;
				CLANG_ENABLE_OBJC_WEAK = YES;
				CLANG_WARN_BLOCK_CAPTURE_AUTORELEASING = YES;
				CLANG_WARN_BOOL_CONVERSION = YES;
				CLANG_WARN_COMMA = YES;
				CLANG_WARN_CONSTANT_CONVERSION = YES;
				CLANG_WARN_DEPRECATED_OBJC_IMPLEMENTATIONS = YES;
				CLANG_WARN_DIRECT_OBJC_ISA_USAGE = YES_ERROR;
				CLANG_WARN_DOCUMENTATION_COMMENTS = YES;
				CLANG_WARN_EMPTY_BODY = YES;
				CLANG_WARN_ENUM_CONVERSION = YES;
				CLANG_WARN_INFINITE_RECURSION = YES;
				CLANG_WARN_INT_CONVERSION = YES;
				CLANG_WARN_NON_LITERAL_NULL_CONVERSION = YES;
				CLANG_WARN_OBJC_IMPLICIT_RETAIN_SELF = YES;
				CLANG_WARN_OBJC_LITERAL_CONVERSION = YES;
				CLANG_WARN_OBJC_ROOT_CLASS = YES_ERROR;
				CLANG_WARN_QUOTED_INCLUDE_IN_FRAMEWORK_HEADER = YES;
				CLANG_WARN_RANGE_LOOP_ANALYSIS = YES;
				CLANG_WARN_STRICT_PROTOTYPES = YES;
				CLANG_WARN_SUSPICIOUS_MOVE = YES;
				CLANG_WARN_UNGUARDED_AVAILABILITY = YES_AGGRESSIVE;
				CLANG_WARN_UNREACHABLE_CODE = YES;
				CLANG_WARN__DUPLICATE_METHOD_MATCH = YES;
				COPY_PHASE_STRIP = NO;
				DEBUG_INFORMATION_FORMAT = dwarf;
				DEVELOPMENT_TEAM = QA9SSNLZN6;
				ENABLE_STRICT_OBJC_MSGSEND = YES;
				ENABLE_TESTABILITY = YES;
				ENABLE_USER_SCRIPT_SANDBOXING = YES;
				GCC_C_LANGUAGE_STANDARD = gnu17;
				GCC_DYNAMIC_NO_PIC = NO;
				GCC_NO_COMMON_BLOCKS = YES;
				GCC_OPTIMIZATION_LEVEL = 0;
				GCC_PREPROCESSOR_DEFINITIONS = (
					"DEBUG=1",
					"$(inherited)",
				);
				GCC_WARN_64_TO_32_BIT_CONVERSION = YES;
				GCC_WARN_ABOUT_RETURN_TYPE = YES_ERROR;
				GCC_WARN_UNDECLARED_SELECTOR = YES;
				GCC_WARN_UNINITIALIZED_AUTOS = YES_AGGRESSIVE;
				GCC_WARN_UNUSED_FUNCTION = YES;
				GCC_WARN_UNUSED_VARIABLE = YES;
				IPHONEOS_DEPLOYMENT_TARGET = 18.4;
				LOCALIZATION_PREFERS_STRING_CATALOGS = YES;
				MTL_ENABLE_DEBUG_INFO = INCLUDE_SOURCE;
				MTL_FAST_MATH = YES;
				ONLY_ACTIVE_ARCH = YES;
				SDKROOT = iphoneos;
				SWIFT_ACTIVE_COMPILATION_CONDITIONS = "DEBUG $(inherited)";
				SWIFT_OPTIMIZATION_LEVEL = "-Onone";
			};
			name = Debug;
		};
		B99A6BB12DB2BC4C000907E8 /* Release */ = {
			isa = XCBuildConfiguration;
			buildSettings = {
				ALWAYS_SEARCH_USER_PATHS = NO;
				ASSETCATALOG_COMPILER_GENERATE_SWIFT_ASSET_SYMBOL_EXTENSIONS = YES;
				CLANG_ANALYZER_NONNULL = YES;
				CLANG_ANALYZER_NUMBER_OBJECT_CONVERSION = YES_AGGRESSIVE;
				CLANG_CXX_LANGUAGE_STANDARD = "gnu++20";
				CLANG_ENABLE_MODULES = YES;
				CLANG_ENABLE_OBJC_ARC = YES;
				CLANG_ENABLE_OBJC_WEAK = YES;
				CLANG_WARN_BLOCK_CAPTURE_AUTORELEASING = YES;
				CLANG_WARN_BOOL_CONVERSION = YES;
				CLANG_WARN_COMMA = YES;
				CLANG_WARN_CONSTANT_CONVERSION = YES;
				CLANG_WARN_DEPRECATED_OBJC_IMPLEMENTATIONS = YES;
				CLANG_WARN_DIRECT_OBJC_ISA_USAGE = YES_ERROR;
				CLANG_WARN_DOCUMENTATION_COMMENTS = YES;
				CLANG_WARN_EMPTY_BODY = YES;
				CLANG_WARN_ENUM_CONVERSION = YES;
				CLANG_WARN_INFINITE_RECURSION = YES;
				CLANG_WARN_INT_CONVERSION = YES;
				CLANG_WARN_NON_LITERAL_NULL_CONVERSION = YES;
				CLANG_WARN_OBJC_IMPLICIT_RETAIN_SELF = YES;
				CLANG_WARN_OBJC_LITERAL_CONVERSION = YES;
				CLANG_WARN_OBJC_ROOT_CLASS = YES_ERROR;
				CLANG_WARN_QUOTED_INCLUDE_IN_FRAMEWORK_HEADER = YES;
				CLANG_WARN_RANGE_LOOP_ANALYSIS = YES;
				CLANG_WARN_STRICT_PROTOTYPES = YES;
				CLANG_WARN_SUSPICIOUS_MOVE = YES;
				CLANG_WARN_UNGUARDED_AVAILABILITY = YES_AGGRESSIVE;
				CLANG_WARN_UNREACHABLE_CODE = YES;
				CLANG_WARN__DUPLICATE_METHOD_MATCH = YES;
				COPY_PHASE_STRIP = NO;
				DEBUG_INFORMATION_FORMAT = "dwarf-with-dsym";
				DEVELOPMENT_TEAM = QA9SSNLZN6;
				ENABLE_NS_ASSERTIONS = NO;
				ENABLE_STRICT_OBJC_MSGSEND = YES;
				ENABLE_USER_SCRIPT_SANDBOXING = YES;
				GCC_C_LANGUAGE_STANDARD = gnu17;
				GCC_NO_COMMON_BLOCKS = YES;
				GCC_WARN_64_TO_32_BIT_CONVERSION = YES;
				GCC_WARN_ABOUT_RETURN_TYPE = YES_ERROR;
				GCC_WARN_UNDECLARED_SELECTOR = YES;
				GCC_WARN_UNINITIALIZED_AUTOS = YES_AGGRESSIVE;
				GCC_WARN_UNUSED_FUNCTION = YES;
				GCC_WARN_UNUSED_VARIABLE = YES;
				IPHONEOS_DEPLOYMENT_TARGET = 18.4;
				LOCALIZATION_PREFERS_STRING_CATALOGS = YES;
				MTL_ENABLE_DEBUG_INFO = NO;
				MTL_FAST_MATH = YES;
				SDKROOT = iphoneos;
				SWIFT_COMPILATION_MODE = wholemodule;
				VALIDATE_PRODUCT = YES;
			};
			name = Release;
		};
		B99A6BB32DB2BC4C000907E8 /* Debug */ = {
			isa = XCBuildConfiguration;
			buildSettings = {
				ASSETCATALOG_COMPILER_APPICON_NAME = AppIcon;
				ASSETCATALOG_COMPILER_GLOBAL_ACCENT_COLOR_NAME = AccentColor;
				CODE_SIGN_STYLE = Automatic;
				CURRENT_PROJECT_VERSION = 1;
				DEVELOPMENT_TEAM = QA9SSNLZN6;
				ENABLE_PREVIEWS = YES;
				GENERATE_INFOPLIST_FILE = YES;
				INFOPLIST_KEY_CFBundleDisplayName = "Crypto Yeah";
				INFOPLIST_KEY_UIApplicationSceneManifest_Generation = YES;
				INFOPLIST_KEY_UIApplicationSupportsIndirectInputEvents = YES;
				INFOPLIST_KEY_UILaunchScreen_Generation = YES;
				INFOPLIST_KEY_UISupportedInterfaceOrientations = UIInterfaceOrientationPortrait;
				LD_RUNPATH_SEARCH_PATHS = (
					"$(inherited)",
					"@executable_path/Frameworks",
				);
				MARKETING_VERSION = 1.0;
				PRODUCT_BUNDLE_IDENTIFIER = com.dostanturlybek.CryptoApp;
				PRODUCT_NAME = "$(TARGET_NAME)";
				SWIFT_EMIT_LOC_STRINGS = YES;
				SWIFT_VERSION = 5.0;
				TARGETED_DEVICE_FAMILY = "1,2";
			};
			name = Debug;
		};
		B99A6BB42DB2BC4C000907E8 /* Release */ = {
			isa = XCBuildConfiguration;
			buildSettings = {
				ASSETCATALOG_COMPILER_APPICON_NAME = AppIcon;
				ASSETCATALOG_COMPILER_GLOBAL_ACCENT_COLOR_NAME = AccentColor;
				CODE_SIGN_STYLE = Automatic;
				CURRENT_PROJECT_VERSION = 1;
				DEVELOPMENT_TEAM = QA9SSNLZN6;
				ENABLE_PREVIEWS = YES;
				GENERATE_INFOPLIST_FILE = YES;
				INFOPLIST_KEY_CFBundleDisplayName = "Crypto Yeah";
				INFOPLIST_KEY_UIApplicationSceneManifest_Generation = YES;
				INFOPLIST_KEY_UIApplicationSupportsIndirectInputEvents = YES;
				INFOPLIST_KEY_UILaunchScreen_Generation = YES;
				INFOPLIST_KEY_UISupportedInterfaceOrientations = UIInterfaceOrientationPortrait;
				LD_RUNPATH_SEARCH_PATHS = (
					"$(inherited)",
					"@executable_path/Frameworks",
				);
				MARKETING_VERSION = 1.0;
				PRODUCT_BUNDLE_IDENTIFIER = com.dostanturlybek.CryptoApp;
				PRODUCT_NAME = "$(TARGET_NAME)";
				SWIFT_EMIT_LOC_STRINGS = YES;
				SWIFT_VERSION = 5.0;
				TARGETED_DEVICE_FAMILY = "1,2";
			};
			name = Release;
		};
/* End XCBuildConfiguration section */

/* Begin XCConfigurationList section */
		B99A6BA22DB2BC4A000907E8 /* Build configuration list for PBXProject "CryptoApp" */ = {
			isa = XCConfigurationList;
			buildConfigurations = (
				B99A6BB02DB2BC4C000907E8 /* Debug */,
				B99A6BB12DB2BC4C000907E8 /* Release */,
			);
			defaultConfigurationIsVisible = 0;
			defaultConfigurationName = Release;
		};
		B99A6BB22DB2BC4C000907E8 /* Build configuration list for PBXNativeTarget "CryptoApp" */ = {
			isa = XCConfigurationList;
			buildConfigurations = (
				B99A6BB32DB2BC4C000907E8 /* Debug */,
				B99A6BB42DB2BC4C000907E8 /* Release */,
			);
			defaultConfigurationIsVisible = 0;
			defaultConfigurationName = Release;
		};
/* End XCConfigurationList section */
	};
	rootObject = B99A6B9F2DB2BC4A000907E8 /* Project object */;
}
